<?xml version="1.0" encoding="UTF-8" standalone="yes" ?>
<CodeBlocks_project_file>
	<FileVersion major="1" minor="6" />
	<Project>
		<Option title="Example_Titania" />
		<Option pch_mode="2" />
		<Option compiler="gcc" />
		<Build>
			<Target title="Release">
				<Option output="bin/Release/Example_Titania" prefix_auto="1" extension_auto="1" />
				<Option object_output="obj/Release/" />
				<Option type="1" />
				<Option compiler="gcc" />
				<Compiler>
					<Add option="-O2" />
					<Add option="-Dlibgpiod_numbers" />
				</Compiler>
				<Linker>
					<Add option="-s" />
					<Add option="-lgpiod" />
				</Linker>
			</Target>
			<Target title="Debug">
				<Option output="bin/Debug/Example_Titania" prefix_auto="1" extension_auto="1" />
				<Option object_output="obj/Debug/" />
				<Option type="1" />
				<Option compiler="gcc" />
				<Compiler>
					<Add option="-g" />
					<Add option="-Dlibgpiod_numbers" />
				</Compiler>
				<Linker>
					<Add option="-lgpiod" />
				</Linker>
			</Target>
			<Target title="ReleaseWiringPi">
				<Option output="bin/Release/Example_Titania" prefix_auto="1" extension_auto="1" />
				<Option object_output="obj/Release/" />
				<Option type="1" />
				<Option compiler="gcc" />
				<Compiler>
					<Add option="-O2" />
					<Add option="-DwiringPi_numbers" />
				</Compiler>
				<Linker>
					<Add option="-s" />
					<Add option="-lwiringPi" />
				</Linker>
			</Target>
			<Target title="DebugWiringPi">
				<Option output="bin/Debug/Example_Titania" prefix_auto="1" extension_auto="1" />
				<Option object_output="obj/Debug/" />
				<Option type="1" />
				<Option compiler="gcc" />
				<Compiler>
					<Add option="-g" />
					<Add option="-DwiringPi_numbers" />
				</Compiler>
				<Linker>
					<Add option="-lwiringPi" />
				</Linker>
			</Target>
		</Build>
		<Compiler>
			<Add option="-Wall" />
		</Compiler>
		<Linker>
			<Add option="-pthread" />
		</Linker>
		<Unit filename="../drivers/Titania/Titania.c">
			<Option compilerVar="CC" />
		</Unit>
		<Unit filename="../drivers/Titania/Titania.h" />
		<Unit filename="../drivers/global/global.c">
			<Option compilerVar="CC" />
		</Unit>
		<Unit filename="../drivers/global/global.h" />
		<Unit filename="../drivers/global/global_pin.c">
			<Option compilerVar="CC" />
			<Option target="Debug" />
			<Option target="Release" />
		</Unit>
		<Unit filename="../drivers/global/global_pinWiringPi.c">
			<Option compilerVar="CC" />
			<Option target="ReleaseWiringPi" />
			<Option target="DebugWiringPi" />
		</Unit>
		<Unit filename="../drivers/global/global_serial.c">
			<Option compilerVar="CC" />
			<Option target="Debug" />
			<Option target="Release" />
		</Unit>
		<Unit filename="../drivers/global/global_serialWiringPi.c">
			<Option compilerVar="CC" />
			<Option target="ReleaseWiringPi" />
			<Option target="DebugWiringPi" />
		</Unit>
		<Unit filename="main.c">
			<Option compilerVar="CC" />
		</Unit>
		<Extensions>
			<code_completion />
			<debugger />
		</Extensions>
	</Project>
</CodeBlocks_project_file>
